
Microsoft Visual Studio Solution File, Format Version 12.00
# Visual Studio Version 17
VisualStudioVersion = 17.4.33213.308
MinimumVisualStudioVersion = 10.0.40219.1
Project("{FAE04EC0-301F-11D3-BF4B-00C04F79EFBC}") = "Exercise1if", "Exercise1if\Exercise1if.csproj", "{249EB110-6C48-4578-8A00-30E0E536FD34}"
EndProject
Project("{FAE04EC0-301F-11D3-BF4B-00C04F79EFBC}") = "exercise2switch", "exercise2switch\exercise2switch.csproj", "{A8C1F0E6-5955-4883-BD8A-FCD7B4B9E37C}"
EndProject
Global
	GlobalSection(SolutionConfigurationPlatforms) = preSolution
		Debug|Any CPU = Debug|Any CPU
		Release|Any CPU = Release|Any CPU
	EndGlobalSection
	GlobalSection(ProjectConfigurationPlatforms) = postSolution
		{249EB110-6C48-4578-8A00-30E0E536FD34}.Debug|Any CPU.ActiveCfg = Debug|Any CPU
		{249EB110-6C48-4578-8A00-30E0E536FD34}.Debug|Any CPU.Build.0 = Debug|Any CPU
		{249EB110-6C48-4578-8A00-30E0E536FD34}.Release|Any CPU.ActiveCfg = Release|Any CPU
		{249EB110-6C48-4578-8A00-30E0E536FD34}.Release|Any CPU.Build.0 = Release|Any CPU
		{A8C1F0E6-5955-4883-BD8A-FCD7B4B9E37C}.Debug|Any CPU.ActiveCfg = Debug|Any CPU
		{A8C1F0E6-5955-4883-BD8A-FCD7B4B9E37C}.Debug|Any CPU.Build.0 = Debug|Any CPU
		{A8C1F0E6-5955-4883-BD8A-FCD7B4B9E37C}.Release|Any CPU.ActiveCfg = Release|Any CPU
		{A8C1F0E6-5955-4883-BD8A-FCD7B4B9E37C}.Release|Any CPU.Build.0 = Release|Any CPU
	EndGlobalSection
	GlobalSection(SolutionProperties) = preSolution
		HideSolutionNode = FALSE
	EndGlobalSection
	GlobalSection(ExtensibilityGlobals) = postSolution
		SolutionGuid = {5566FDE1-BF62-4C19-AF11-F85504D1ACD0}
	EndGlobalSection
EndGlobal
